
Microsoft Visual Studio Solution File, Format Version 12.00
# Visual Studio 15
Project("{FAE04EC0-301F-11D3-BF4B-00C04F79EFBC}") = "Assembly-CSharp", "Assembly-CSharp.csproj", "{AE947800-CD98-D063-AB20-803827C26301}"
EndProject
Project("{FAE04EC0-301F-11D3-BF4B-00C04F79EFBC}") = "Toolbox.Editor.Tests", "Toolbox.Editor.Tests.csproj", "{0FAF968A-F272-0A54-45DC-B2DDF52E1EFE}"
EndProject
Project("{FAE04EC0-301F-11D3-BF4B-00C04F79EFBC}") = "Toolbox", "Toolbox.csproj", "{967A4562-B3AF-A3F4-0C74-F672DF01898A}"
EndProject
Project("{FAE04EC0-301F-11D3-BF4B-00C04F79EFBC}") = "Toolbox.Tests", "Toolbox.Tests.csproj", "{64ED55CB-1C03-E1EB-4B24-40921632AB6D}"
EndProject
Project("{FAE04EC0-301F-11D3-BF4B-00C04F79EFBC}") = "Toolbox.Editor", "Toolbox.Editor.csproj", "{28BD0FC6-202F-201C-E9FE-61B0067F2423}"
EndProject
Project("{FAE04EC0-301F-11D3-BF4B-00C04F79EFBC}") = "Assembly-CSharp-Editor", "Assembly-CSharp-Editor.csproj", "{D8D4543D-391C-A3AE-214C-523490E9CDEC}"
EndProject
Global
	GlobalSection(SolutionConfigurationPlatforms) = preSolution
		Debug|Any CPU = Debug|Any CPU
		Release|Any CPU = Release|Any CPU
	EndGlobalSection
	GlobalSection(ProjectConfigurationPlatforms) = postSolution
		{AE947800-CD98-D063-AB20-803827C26301}.Debug|Any CPU.ActiveCfg = Debug|Any CPU
		{AE947800-CD98-D063-AB20-803827C26301}.Debug|Any CPU.Build.0 = Debug|Any CPU
		{AE947800-CD98-D063-AB20-803827C26301}.Release|Any CPU.ActiveCfg = Release|Any CPU
		{AE947800-CD98-D063-AB20-803827C26301}.Release|Any CPU.Build.0 = Release|Any CPU
		{0FAF968A-F272-0A54-45DC-B2DDF52E1EFE}.Debug|Any CPU.ActiveCfg = Debug|Any CPU
		{0FAF968A-F272-0A54-45DC-B2DDF52E1EFE}.Debug|Any CPU.Build.0 = Debug|Any CPU
		{0FAF968A-F272-0A54-45DC-B2DDF52E1EFE}.Release|Any CPU.ActiveCfg = Release|Any CPU
		{0FAF968A-F272-0A54-45DC-B2DDF52E1EFE}.Release|Any CPU.Build.0 = Release|Any CPU
		{967A4562-B3AF-A3F4-0C74-F672DF01898A}.Debug|Any CPU.ActiveCfg = Debug|Any CPU
		{967A4562-B3AF-A3F4-0C74-F672DF01898A}.Debug|Any CPU.Build.0 = Debug|Any CPU
		{967A4562-B3AF-A3F4-0C74-F672DF01898A}.Release|Any CPU.ActiveCfg = Release|Any CPU
		{967A4562-B3AF-A3F4-0C74-F672DF01898A}.Release|Any CPU.Build.0 = Release|Any CPU
		{64ED55CB-1C03-E1EB-4B24-40921632AB6D}.Debug|Any CPU.ActiveCfg = Debug|Any CPU
		{64ED55CB-1C03-E1EB-4B24-40921632AB6D}.Debug|Any CPU.Build.0 = Debug|Any CPU
		{64ED55CB-1C03-E1EB-4B24-40921632AB6D}.Release|Any CPU.ActiveCfg = Release|Any CPU
		{64ED55CB-1C03-E1EB-4B24-40921632AB6D}.Release|Any CPU.Build.0 = Release|Any CPU
		{28BD0FC6-202F-201C-E9FE-61B0067F2423}.Debug|Any CPU.ActiveCfg = Debug|Any CPU
		{28BD0FC6-202F-201C-E9FE-61B0067F2423}.Debug|Any CPU.Build.0 = Debug|Any CPU
		{28BD0FC6-202F-201C-E9FE-61B0067F2423}.Release|Any CPU.ActiveCfg = Release|Any CPU
		{28BD0FC6-202F-201C-E9FE-61B0067F2423}.Release|Any CPU.Build.0 = Release|Any CPU
		{D8D4543D-391C-A3AE-214C-523490E9CDEC}.Debug|Any CPU.ActiveCfg = Debug|Any CPU
		{D8D4543D-391C-A3AE-214C-523490E9CDEC}.Debug|Any CPU.Build.0 = Debug|Any CPU
		{D8D4543D-391C-A3AE-214C-523490E9CDEC}.Release|Any CPU.ActiveCfg = Release|Any CPU
		{D8D4543D-391C-A3AE-214C-523490E9CDEC}.Release|Any CPU.Build.0 = Release|Any CPU
	EndGlobalSection
	GlobalSection(SolutionProperties) = preSolution
		HideSolutionNode = FALSE
	EndGlobalSection
EndGlobal
